
Microsoft Visual Studio Solution File, Format Version 12.00
# Visual Studio 2013
VisualStudioVersion = 12.0.31101.0
MinimumVisualStudioVersion = 10.0.40219.1
Project("{FAE04EC0-301F-11D3-BF4B-00C04F79EFBC}") = "EmailStripper", "EmailStripper\EmailStripper.csproj", "{D8FB9B24-0AC9-4995-9F73-180EE5E1A618}"
EndProject
Project("{54435603-DBB4-11D2-8724-00A0C9A8B90C}") = "Installer", "Installer\Installer.vdproj", "{8CB974D8-EF0B-47EF-BC64-3546C379E543}"
EndProject
Global
	GlobalSection(SolutionConfigurationPlatforms) = preSolution
		Debug|Any CPU = Debug|Any CPU
		Release|Any CPU = Release|Any CPU
	EndGlobalSection
	GlobalSection(ProjectConfigurationPlatforms) = postSolution
		{D8FB9B24-0AC9-4995-9F73-180EE5E1A618}.Debug|Any CPU.ActiveCfg = Debug|Any CPU
		{D8FB9B24-0AC9-4995-9F73-180EE5E1A618}.Debug|Any CPU.Build.0 = Debug|Any CPU
		{D8FB9B24-0AC9-4995-9F73-180EE5E1A618}.Release|Any CPU.ActiveCfg = Release|Any CPU
		{D8FB9B24-0AC9-4995-9F73-180EE5E1A618}.Release|Any CPU.Build.0 = Release|Any CPU
		{8CB974D8-EF0B-47EF-BC64-3546C379E543}.Debug|Any CPU.ActiveCfg = Debug
		{8CB974D8-EF0B-47EF-BC64-3546C379E543}.Release|Any CPU.ActiveCfg = Release
	EndGlobalSection
	GlobalSection(SolutionProperties) = preSolution
		HideSolutionNode = FALSE
	EndGlobalSection
EndGlobal
